
Microsoft Visual Studio Solution File, Format Version 12.00
# Visual Studio Version 18
VisualStudioVersion = 18.5.11723.231
MinimumVisualStudioVersion = 10.0.40219.1
Project("{9A19103F-16F7-4668-BE54-9A1E7A4F7556}") = "Api", "src\Api\Api.csproj", "{39899FF5-9114-423C-8736-0196AA26F6ED}"
EndProject
Project("{9A19103F-16F7-4668-BE54-9A1E7A4F7556}") = "Application", "src\Application\Application.csproj", "{F6535608-BB74-4F89-BF6F-81444DE07024}"
EndProject
Project("{9A19103F-16F7-4668-BE54-9A1E7A4F7556}") = "Domain", "src\Domain\Domain.csproj", "{3385B699-5081-4687-A665-13F6DDC473B2}"
EndProject
Project("{9A19103F-16F7-4668-BE54-9A1E7A4F7556}") = "Infrastructure", "src\Infrastructure\Infrastructure.csproj", "{CC1FE580-247D-4D70-B8AA-72C287310DE2}"
EndProject
Global
	GlobalSection(SolutionConfigurationPlatforms) = preSolution
		Debug|Any CPU = Debug|Any CPU
		Release|Any CPU = Release|Any CPU
	EndGlobalSection
	GlobalSection(ProjectConfigurationPlatforms) = postSolution
		{39899FF5-9114-423C-8736-0196AA26F6ED}.Debug|Any CPU.ActiveCfg = Debug|Any CPU
		{39899FF5-9114-423C-8736-0196AA26F6ED}.Debug|Any CPU.Build.0 = Debug|Any CPU
		{39899FF5-9114-423C-8736-0196AA26F6ED}.Release|Any CPU.ActiveCfg = Release|Any CPU
		{39899FF5-9114-423C-8736-0196AA26F6ED}.Release|Any CPU.Build.0 = Release|Any CPU
		{F6535608-BB74-4F89-BF6F-81444DE07024}.Debug|Any CPU.ActiveCfg = Debug|Any CPU
		{F6535608-BB74-4F89-BF6F-81444DE07024}.Debug|Any CPU.Build.0 = Debug|Any CPU
		{F6535608-BB74-4F89-BF6F-81444DE07024}.Release|Any CPU.ActiveCfg = Release|Any CPU
		{F6535608-BB74-4F89-BF6F-81444DE07024}.Release|Any CPU.Build.0 = Release|Any CPU
		{3385B699-5081-4687-A665-13F6DDC473B2}.Debug|Any CPU.ActiveCfg = Debug|Any CPU
		{3385B699-5081-4687-A665-13F6DDC473B2}.Debug|Any CPU.Build.0 = Debug|Any CPU
		{3385B699-5081-4687-A665-13F6DDC473B2}.Release|Any CPU.ActiveCfg = Release|Any CPU
		{3385B699-5081-4687-A665-13F6DDC473B2}.Release|Any CPU.Build.0 = Release|Any CPU
		{CC1FE580-247D-4D70-B8AA-72C287310DE2}.Debug|Any CPU.ActiveCfg = Debug|Any CPU
		{CC1FE580-247D-4D70-B8AA-72C287310DE2}.Debug|Any CPU.Build.0 = Debug|Any CPU
		{CC1FE580-247D-4D70-B8AA-72C287310DE2}.Release|Any CPU.ActiveCfg = Release|Any CPU
		{CC1FE580-247D-4D70-B8AA-72C287310DE2}.Release|Any CPU.Build.0 = Release|Any CPU
	EndGlobalSection
	GlobalSection(SolutionProperties) = preSolution
		HideSolutionNode = FALSE
	EndGlobalSection
	GlobalSection(ExtensibilityGlobals) = postSolution
		SolutionGuid = {CF6ABDEB-3D52-47EE-ACC2-158F669AFD28}
	EndGlobalSection
EndGlobal
